// !$*UTF8*$!
{
	archiveVersion = 1;
	classes = {
	};
	objectVersion = 50;
	objects = {

/* Begin PBXBuildFile section */
		FE77499523865F180024D576 /* chars.plist in Resources */ = {isa = PBXBuildFile; fileRef = FE77499423865F180024D576 /* chars.plist */; };
		FE774998238663AF0024D576 /* UIImage+Resize.m in Sources */ = {isa = PBXBuildFile; fileRef = FE774997238663AF0024D576 /* UIImage+Resize.m */; };
		FE92065C2385398C007CAAE2 /* AppDelegate.m in Sources */ = {isa = PBXBuildFile; fileRef = FE92065B2385398C007CAAE2 /* AppDelegate.m */; };
		FE92065F2385398C007CAAE2 /* ViewController.m in Sources */ = {isa = PBXBuildFile; fileRef = FE92065E2385398C007CAAE2 /* ViewController.m */; };
		FE9206622385398C007CAAE2 /* Main.storyboard in Resources */ = {isa = PBXBuildFile; fileRef = FE9206602385398C007CAAE2 /* Main.storyboard */; };
		FE9206642385398E007CAAE2 /* Assets.xcassets in Resources */ = {isa = PBXBuildFile; fileRef = FE9206632385398E007CAAE2 /* Assets.xcassets */; };
		FE9206672385398E007CAAE2 /* LaunchScreen.storyboard in Resources */ = {isa = PBXBuildFile; fileRef = FE9206652385398E007CAAE2 /* LaunchScreen.storyboard */; };
		FE92066A2385398E007CAAE2 /* main.m in Sources */ = {isa = PBXBuildFile; fileRef = FE9206692385398E007CAAE2 /* main.m */; };
		FE92067223853CE0007CAAE2 /* CharTableViewCell.m in Sources */ = {isa = PBXBuildFile; fileRef = FE92067123853CE0007CAAE2 /* CharTableViewCell.m */; };
/* End PBXBuildFile section */

/* Begin PBXFileReference section */
		FE77499423865F180024D576 /* chars.plist */ = {isa = PBXFileReference; fileEncoding = 4; lastKnownFileType = text.plist.xml; path = chars.plist; sourceTree = "<group>"; };
		FE774996238663AF0024D576 /* UIImage+Resize.h */ = {isa = PBXFileReference; fileEncoding = 4; lastKnownFileType = sourcecode.c.h; path = "UIImage+Resize.h"; sourceTree = "<group>"; };
		FE774997238663AF0024D576 /* UIImage+Resize.m */ = {isa = PBXFileReference; fileEncoding = 4; lastKnownFileType = sourcecode.c.objc; path = "UIImage+Resize.m"; sourceTree = "<group>"; };
		FE9206572385398C007CAAE2 /* DrawingTool.app */ = {isa = PBXFileReference; explicitFileType = wrapper.application; includeInIndex = 0; path = DrawingTool.app; sourceTree = BUILT_PRODUCTS_DIR; };
		FE92065A2385398C007CAAE2 /* AppDelegate.h */ = {isa = PBXFileReference; lastKnownFileType = sourcecode.c.h; path = AppDelegate.h; sourceTree = "<group>"; };
		FE92065B2385398C007CAAE2 /* AppDelegate.m */ = {isa = PBXFileReference; lastKnownFileType = sourcecode.c.objc; path = AppDelegate.m; sourceTree = "<group>"; };
		FE92065D2385398C007CAAE2 /* ViewController.h */ = {isa = PBXFileReference; lastKnownFileType = sourcecode.c.h; path = ViewController.h; sourceTree = "<group>"; };
		FE92065E2385398C007CAAE2 /* ViewController.m */ = {isa = PBXFileReference; lastKnownFileType = sourcecode.c.objc; path = ViewController.m; sourceTree = "<group>"; };
		FE9206612385398C007CAAE2 /* Base */ = {isa = PBXFileReference; lastKnownFileType = file.storyboard; name = Base; path = Base.lproj/Main.storyboard; sourceTree = "<group>"; };
		FE9206632385398E007CAAE2 /* Assets.xcassets */ = {isa = PBXFileReference; lastKnownFileType = folder.assetcatalog; path = Assets.xcassets; sourceTree = "<group>"; };
		FE9206662385398E007CAAE2 /* Base */ = {isa = PBXFileReference; lastKnownFileType = file.storyboard; name = Base; path = Base.lproj/LaunchScreen.storyboard; sourceTree = "<group>"; };
		FE9206682385398E007CAAE2 /* Info.plist */ = {isa = PBXFileReference; lastKnownFileType = text.plist.xml; path = Info.plist; sourceTree = "<group>"; };
		FE9206692385398E007CAAE2 /* main.m */ = {isa = PBXFileReference; lastKnownFileType = sourcecode.c.objc; path = main.m; sourceTree = "<group>"; };
		FE92067023853CE0007CAAE2 /* CharTableViewCell.h */ = {isa = PBXFileReference; lastKnownFileType = sourcecode.c.h; path = CharTableViewCell.h; sourceTree = "<group>"; };
		FE92067123853CE0007CAAE2 /* CharTableViewCell.m */ = {isa = PBXFileReference; lastKnownFileType = sourcecode.c.objc; path = CharTableViewCell.m; sourceTree = "<group>"; };
/* End PBXFileReference section */

/* Begin PBXFrameworksBuildPhase section */
		FE9206542385398C007CAAE2 /* Frameworks */ = {
			isa = PBXFrameworksBuildPhase;
			buildActionMask = 2147483647;
			files = (
			);
			runOnlyForDeploymentPostprocessing = 0;
		};
/* End PBXFrameworksBuildPhase section */

/* Begin PBXGroup section */
		FE92064E2385398C007CAAE2 = {
			isa = PBXGroup;
			children = (
				FE77499423865F180024D576 /* chars.plist */,
				FE9206592385398C007CAAE2 /* DrawingTool */,
				FE9206582385398C007CAAE2 /* Products */,
			);
			sourceTree = "<group>";
		};
		FE9206582385398C007CAAE2 /* Products */ = {
			isa = PBXGroup;
			children = (
				FE9206572385398C007CAAE2 /* DrawingTool.app */,
			);
			name = Products;
			sourceTree = "<group>";
		};
		FE9206592385398C007CAAE2 /* DrawingTool */ = {
			isa = PBXGroup;
			children = (
				FE92065A2385398C007CAAE2 /* AppDelegate.h */,
				FE92065B2385398C007CAAE2 /* AppDelegate.m */,
				FE92065D2385398C007CAAE2 /* ViewController.h */,
				FE92065E2385398C007CAAE2 /* ViewController.m */,
				FE92067023853CE0007CAAE2 /* CharTableViewCell.h */,
				FE92067123853CE0007CAAE2 /* CharTableViewCell.m */,
				FE774996238663AF0024D576 /* UIImage+Resize.h */,
				FE774997238663AF0024D576 /* UIImage+Resize.m */,
				FE9206602385398C007CAAE2 /* Main.storyboard */,
				FE9206632385398E007CAAE2 /* Assets.xcassets */,
				FE9206652385398E007CAAE2 /* LaunchScreen.storyboard */,
				FE9206682385398E007CAAE2 /* Info.plist */,
				FE9206692385398E007CAAE2 /* main.m */,
			);
			path = DrawingTool;
			sourceTree = "<group>";
		};
/* End PBXGroup section */

/* Begin PBXNativeTarget section */
		FE9206562385398C007CAAE2 /* DrawingTool */ = {
			isa = PBXNativeTarget;
			buildConfigurationList = FE92066D2385398E007CAAE2 /* Build configuration list for PBXNativeTarget "DrawingTool" */;
			buildPhases = (
				FE9206532385398C007CAAE2 /* Sources */,
				FE9206542385398C007CAAE2 /* Frameworks */,
				FE9206552385398C007CAAE2 /* Resources */,
			);
			buildRules = (
			);
			dependencies = (
			);
			name = DrawingTool;
			productName = DrawingTool;
			productReference = FE9206572385398C007CAAE2 /* DrawingTool.app */;
			productType = "com.apple.product-type.application";
		};
/* End PBXNativeTarget section */

/* Begin PBXProject section */
		FE92064F2385398C007CAAE2 /* Project object */ = {
			isa = PBXProject;
			attributes = {
				LastUpgradeCheck = 1030;
				ORGANIZATIONNAME = HK;
				TargetAttributes = {
					FE9206562385398C007CAAE2 = {
						CreatedOnToolsVersion = 10.3;
					};
				};
			};
			buildConfigurationList = FE9206522385398C007CAAE2 /* Build configuration list for PBXProject "DrawingTool" */;
			compatibilityVersion = "Xcode 9.3";
			developmentRegion = en;
			hasScannedForEncodings = 0;
			knownRegions = (
				en,
				Base,
			);
			mainGroup = FE92064E2385398C007CAAE2;
			productRefGroup = FE9206582385398C007CAAE2 /* Products */;
			projectDirPath = "";
			projectRoot = "";
			targets = (
				FE9206562385398C007CAAE2 /* DrawingTool */,
			);
		};
/* End PBXProject section */

/* Begin PBXResourcesBuildPhase section */
		FE9206552385398C007CAAE2 /* Resources */ = {
			isa = PBXResourcesBuildPhase;
			buildActionMask = 2147483647;
			files = (
				FE9206672385398E007CAAE2 /* LaunchScreen.storyboard in Resources */,
				FE9206642385398E007CAAE2 /* Assets.xcassets in Resources */,
				FE9206622385398C007CAAE2 /* Main.storyboard in Resources */,
				FE77499523865F180024D576 /* chars.plist in Resources */,
			);
			runOnlyForDeploymentPostprocessing = 0;
		};
/* End PBXResourcesBuildPhase section */

/* Begin PBXSourcesBuildPhase section */
		FE9206532385398C007CAAE2 /* Sources */ = {
			isa = PBXSourcesBuildPhase;
			buildActionMask = 2147483647;
			files = (
				FE92065F2385398C007CAAE2 /* ViewController.m in Sources */,
				FE92066A2385398E007CAAE2 /* main.m in Sources */,
				FE92065C2385398C007CAAE2 /* AppDelegate.m in Sources */,
				FE92067223853CE0007CAAE2 /* CharTableViewCell.m in Sources */,
				FE774998238663AF0024D576 /* UIImage+Resize.m in Sources */,
			);
			runOnlyForDeploymentPostprocessing = 0;
		};
/* End PBXSourcesBuildPhase section */

/* Begin PBXVariantGroup section */
		FE9206602385398C007CAAE2 /* Main.storyboard */ = {
			isa = PBXVariantGroup;
			children = (
				FE9206612385398C007CAAE2 /* Base */,
			);
			name = Main.storyboard;
			sourceTree = "<group>";
		};
		FE9206652385398E007CAAE2 /* LaunchScreen.storyboard */ = {
			isa = PBXVariantGroup;
			children = (
				FE9206662385398E007CAAE2 /* Base */,
			);
			name = LaunchScreen.storyboard;
			sourceTree = "<group>";
		};
/* End PBXVariantGroup section */

/* Begin XCBuildConfiguration section */
		FE92066B2385398E007CAAE2 /* Debug */ = {
			isa = XCBuildConfiguration;
			buildSettings = {
				ALWAYS_SEARCH_USER_PATHS = NO;
				CLANG_ANALYZER_NONNULL = YES;
				CLANG_ANALYZER_NUMBER_OBJECT_CONVERSION = YES_AGGRESSIVE;
				CLANG_CXX_LANGUAGE_STANDARD = "gnu++14";
				CLANG_CXX_LIBRARY = "libc++";
				CLANG_ENABLE_MODULES = YES;
				CLANG_ENABLE_OBJC_ARC = YES;
				CLANG_ENABLE_OBJC_WEAK = YES;
				CLANG_WARN_BLOCK_CAPTURE_AUTORELEASING = YES;
				CLANG_WARN_BOOL_CONVERSION = YES;
				CLANG_WARN_COMMA = YES;
				CLANG_WARN_CONSTANT_CONVERSION = YES;
				CLANG_WARN_DEPRECATED_OBJC_IMPLEMENTATIONS = YES;
				CLANG_WARN_DIRECT_OBJC_ISA_USAGE = YES_ERROR;
				CLANG_WARN_DOCUMENTATION_COMMENTS = YES;
				CLANG_WARN_EMPTY_BODY = YES;
				CLANG_WARN_ENUM_CONVERSION = YES;
				CLANG_WARN_INFINITE_RECURSION = YES;
				CLANG_WARN_INT_CONVERSION = YES;
				CLANG_WARN_NON_LITERAL_NULL_CONVERSION = YES;
				CLANG_WARN_OBJC_IMPLICIT_RETAIN_SELF = YES;
				CLANG_WARN_OBJC_LITERAL_CONVERSION = YES;
				CLANG_WARN_OBJC_ROOT_CLASS = YES_ERROR;
				CLANG_WARN_RANGE_LOOP_ANALYSIS = YES;
				CLANG_WARN_STRICT_PROTOTYPES = YES;
				CLANG_WARN_SUSPICIOUS_MOVE = YES;
				CLANG_WARN_UNGUARDED_AVAILABILITY = YES_AGGRESSIVE;
				CLANG_WARN_UNREACHABLE_CODE = YES;
				CLANG_WARN__DUPLICATE_METHOD_MATCH = YES;
				CODE_SIGN_IDENTITY = "iPhone Developer";
				COPY_PHASE_STRIP = NO;
				DEBUG_INFORMATION_FORMAT = dwarf;
				ENABLE_STRICT_OBJC_MSGSEND = YES;
				ENABLE_TESTABILITY = YES;
				GCC_C_LANGUAGE_STANDARD = gnu11;
				GCC_DYNAMIC_NO_PIC = NO;
				GCC_NO_COMMON_BLOCKS = YES;
				GCC_OPTIMIZATION_LEVEL = 0;
				GCC_PREPROCESSOR_DEFINITIONS = (
					"DEBUG=1",
					"$(inherited)",
				);
				GCC_WARN_64_TO_32_BIT_CONVERSION = YES;
				GCC_WARN_ABOUT_RETURN_TYPE = YES_ERROR;
				GCC_WARN_UNDECLARED_SELECTOR = YES;
				GCC_WARN_UNINITIALIZED_AUTOS = YES_AGGRESSIVE;
				GCC_WARN_UNUSED_FUNCTION = YES;
				GCC_WARN_UNUSED_VARIABLE = YES;
				IPHONEOS_DEPLOYMENT_TARGET = 12.4;
				MTL_ENABLE_DEBUG_INFO = INCLUDE_SOURCE;
				MTL_FAST_MATH = YES;
				ONLY_ACTIVE_ARCH = YES;
				SDKROOT = iphoneos;
			};
			name = Debug;
		};
		FE92066C2385398E007CAAE2 /* Release */ = {
			isa = XCBuildConfiguration;
			buildSettings = {
				ALWAYS_SEARCH_USER_PATHS = NO;
				CLANG_ANALYZER_NONNULL = YES;
				CLANG_ANALYZER_NUMBER_OBJECT_CONVERSION = YES_AGGRESSIVE;
				CLANG_CXX_LANGUAGE_STANDARD = "gnu++14";
				CLANG_CXX_LIBRARY = "libc++";
				CLANG_ENABLE_MODULES = YES;
				CLANG_ENABLE_OBJC_ARC = YES;
				CLANG_ENABLE_OBJC_WEAK = YES;
				CLANG_WARN_BLOCK_CAPTURE_AUTORELEASING = YES;
				CLANG_WARN_BOOL_CONVERSION = YES;
				CLANG_WARN_COMMA = YES;
				CLANG_WARN_CONSTANT_CONVERSION = YES;
				CLANG_WARN_DEPRECATED_OBJC_IMPLEMENTATIONS = YES;
				CLANG_WARN_DIRECT_OBJC_ISA_USAGE = YES_ERROR;
				CLANG_WARN_DOCUMENTATION_COMMENTS = YES;
				CLANG_WARN_EMPTY_BODY = YES;
				CLANG_WARN_ENUM_CONVERSION = YES;
				CLANG_WARN_INFINITE_RECURSION = YES;
				CLANG_WARN_INT_CONVERSION = YES;
				CLANG_WARN_NON_LITERAL_NULL_CONVERSION = YES;
				CLANG_WARN_OBJC_IMPLICIT_RETAIN_SELF = YES;
				CLANG_WARN_OBJC_LITERAL_CONVERSION = YES;
				CLANG_WARN_OBJC_ROOT_CLASS = YES_ERROR;
				CLANG_WARN_RANGE_LOOP_ANALYSIS = YES;
				CLANG_WARN_STRICT_PROTOTYPES = YES;
				CLANG_WARN_SUSPICIOUS_MOVE = YES;
				CLANG_WARN_UNGUARDED_AVAILABILITY = YES_AGGRESSIVE;
				CLANG_WARN_UNREACHABLE_CODE = YES;
				CLANG_WARN__DUPLICATE_METHOD_MATCH = YES;
				CODE_SIGN_IDENTITY = "iPhone Developer";
				COPY_PHASE_STRIP = NO;
				DEBUG_INFORMATION_FORMAT = "dwarf-with-dsym";
				ENABLE_NS_ASSERTIONS = NO;
				ENABLE_STRICT_OBJC_MSGSEND = YES;
				GCC_C_LANGUAGE_STANDARD = gnu11;
				GCC_NO_COMMON_BLOCKS = YES;
				GCC_WARN_64_TO_32_BIT_CONVERSION = YES;
				GCC_WARN_ABOUT_RETURN_TYPE = YES_ERROR;
				GCC_WARN_UNDECLARED_SELECTOR = YES;
				GCC_WARN_UNINITIALIZED_AUTOS = YES_AGGRESSIVE;
				GCC_WARN_UNUSED_FUNCTION = YES;
				GCC_WARN_UNUSED_VARIABLE = YES;
				IPHONEOS_DEPLOYMENT_TARGET = 12.4;
				MTL_ENABLE_DEBUG_INFO = NO;
				MTL_FAST_MATH = YES;
				SDKROOT = iphoneos;
				VALIDATE_PRODUCT = YES;
			};
			name = Release;
		};
		FE92066E2385398E007CAAE2 /* Debug */ = {
			isa = XCBuildConfiguration;
			buildSettings = {
				ASSETCATALOG_COMPILER_APPICON_NAME = AppIcon;
				CODE_SIGN_STYLE = Automatic;
				DEVELOPMENT_TEAM = 44N5H4KL62;
				INFOPLIST_FILE = DrawingTool/Info.plist;
				LD_RUNPATH_SEARCH_PATHS = (
					"$(inherited)",
					"@executable_path/Frameworks",
				);
				PRODUCT_BUNDLE_IDENTIFIER = jp.hk.DrawingTool;
				PRODUCT_NAME = "$(TARGET_NAME)";
				TARGETED_DEVICE_FAMILY = 1;
			};
			name = Debug;
		};
		FE92066F2385398E007CAAE2 /* Release */ = {
			isa = XCBuildConfiguration;
			buildSettings = {
				ASSETCATALOG_COMPILER_APPICON_NAME = AppIcon;
				CODE_SIGN_STYLE = Automatic;
				DEVELOPMENT_TEAM = 44N5H4KL62;
				INFOPLIST_FILE = DrawingTool/Info.plist;
				LD_RUNPATH_SEARCH_PATHS = (
					"$(inherited)",
					"@executable_path/Frameworks",
				);
				PRODUCT_BUNDLE_IDENTIFIER = jp.hk.DrawingTool;
				PRODUCT_NAME = "$(TARGET_NAME)";
				TARGETED_DEVICE_FAMILY = 1;
			};
			name = Release;
		};
/* End XCBuildConfiguration section */

/* Begin XCConfigurationList section */
		FE9206522385398C007CAAE2 /* Build configuration list for PBXProject "DrawingTool" */ = {
			isa = XCConfigurationList;
			buildConfigurations = (
				FE92066B2385398E007CAAE2 /* Debug */,
				FE92066C2385398E007CAAE2 /* Release */,
			);
			defaultConfigurationIsVisible = 0;
			defaultConfigurationName = Release;
		};
		FE92066D2385398E007CAAE2 /* Build configuration list for PBXNativeTarget "DrawingTool" */ = {
			isa = XCConfigurationList;
			buildConfigurations = (
				FE92066E2385398E007CAAE2 /* Debug */,
				FE92066F2385398E007CAAE2 /* Release */,
			);
			defaultConfigurationIsVisible = 0;
			defaultConfigurationName = Release;
		};
/* End XCConfigurationList section */
	};
	rootObject = FE92064F2385398C007CAAE2 /* Project object */;
}
